// !$*UTF8*$!
{
	archiveVersion = 1;
	classes = {
	};
	objectVersion = 56;
	objects = {

/* Begin PBXBuildFile section */
		F13579D32A70154400FE2ECF /* RickAndMortyFactsApp.swift in Sources */ = {isa = PBXBuildFile; fileRef = F13579D22A70154400FE2ECF /* RickAndMortyFactsApp.swift */; };
		F13579D72A70154600FE2ECF /* Assets.xcassets in Resources */ = {isa = PBXBuildFile; fileRef = F13579D62A70154600FE2ECF /* Assets.xcassets */; };
		F13579DA2A70154600FE2ECF /* Preview Assets.xcassets in Resources */ = {isa = PBXBuildFile; fileRef = F13579D92A70154600FE2ECF /* Preview Assets.xcassets */; };
		F13579E42A70154600FE2ECF /* RickAndMortyFactsTests.swift in Sources */ = {isa = PBXBuildFile; fileRef = F13579E32A70154600FE2ECF /* RickAndMortyFactsTests.swift */; };
		F13579EE2A70154600FE2ECF /* RickAndMortyFactsUITests.swift in Sources */ = {isa = PBXBuildFile; fileRef = F13579ED2A70154600FE2ECF /* RickAndMortyFactsUITests.swift */; };
		F13579F02A70154600FE2ECF /* RickAndMortyFactsUITestsLaunchTests.swift in Sources */ = {isa = PBXBuildFile; fileRef = F13579EF2A70154600FE2ECF /* RickAndMortyFactsUITestsLaunchTests.swift */; };
		F14F894A2A7C087B00F553F8 /* HomeView+Carrossel.swift in Sources */ = {isa = PBXBuildFile; fileRef = F14F89492A7C087B00F553F8 /* HomeView+Carrossel.swift */; };
		F16C82CD2A7973A1006048C9 /* CharacterRow.swift in Sources */ = {isa = PBXBuildFile; fileRef = F16C82CC2A7973A1006048C9 /* CharacterRow.swift */; };
		F16C82D42A797792006048C9 /* HomeView.swift in Sources */ = {isa = PBXBuildFile; fileRef = F16C82D22A797792006048C9 /* HomeView.swift */; };
		F16C82D52A797792006048C9 /* HomeView+Observed.swift in Sources */ = {isa = PBXBuildFile; fileRef = F16C82D32A797792006048C9 /* HomeView+Observed.swift */; };
		F16C82D92A7977BB006048C9 /* Characters.swift in Sources */ = {isa = PBXBuildFile; fileRef = F16C82D82A7977BB006048C9 /* Characters.swift */; };
		F16C82DC2A79793F006048C9 /* CharactersDetails.swift in Sources */ = {isa = PBXBuildFile; fileRef = F16C82DB2A79793F006048C9 /* CharactersDetails.swift */; };
/* End PBXBuildFile section */

/* Begin PBXContainerItemProxy section */
		F13579E02A70154600FE2ECF /* PBXContainerItemProxy */ = {
			isa = PBXContainerItemProxy;
			containerPortal = F13579C72A70154400FE2ECF /* Project object */;
			proxyType = 1;
			remoteGlobalIDString = F13579CE2A70154400FE2ECF;
			remoteInfo = RickAndMortyFacts;
		};
		F13579EA2A70154600FE2ECF /* PBXContainerItemProxy */ = {
			isa = PBXContainerItemProxy;
			containerPortal = F13579C72A70154400FE2ECF /* Project object */;
			proxyType = 1;
			remoteGlobalIDString = F13579CE2A70154400FE2ECF;
			remoteInfo = RickAndMortyFacts;
		};
/* End PBXContainerItemProxy section */

/* Begin PBXFileReference section */
		F13579CF2A70154400FE2ECF /* RickAndMortyFunFacts.app */ = {isa = PBXFileReference; explicitFileType = wrapper.application; includeInIndex = 0; path = RickAndMortyFunFacts.app; sourceTree = BUILT_PRODUCTS_DIR; };
		F13579D22A70154400FE2ECF /* RickAndMortyFactsApp.swift */ = {isa = PBXFileReference; lastKnownFileType = sourcecode.swift; path = RickAndMortyFactsApp.swift; sourceTree = "<group>"; };
		F13579D62A70154600FE2ECF /* Assets.xcassets */ = {isa = PBXFileReference; lastKnownFileType = folder.assetcatalog; path = Assets.xcassets; sourceTree = "<group>"; };
		F13579D92A70154600FE2ECF /* Preview Assets.xcassets */ = {isa = PBXFileReference; lastKnownFileType = folder.assetcatalog; path = "Preview Assets.xcassets"; sourceTree = "<group>"; };
		F13579DF2A70154600FE2ECF /* RickAndMortyFunFactsTests.xctest */ = {isa = PBXFileReference; explicitFileType = wrapper.cfbundle; includeInIndex = 0; path = RickAndMortyFunFactsTests.xctest; sourceTree = BUILT_PRODUCTS_DIR; };
		F13579E32A70154600FE2ECF /* RickAndMortyFactsTests.swift */ = {isa = PBXFileReference; lastKnownFileType = sourcecode.swift; path = RickAndMortyFactsTests.swift; sourceTree = "<group>"; };
		F13579E92A70154600FE2ECF /* RickAndMortyFunFactsUITests.xctest */ = {isa = PBXFileReference; explicitFileType = wrapper.cfbundle; includeInIndex = 0; path = RickAndMortyFunFactsUITests.xctest; sourceTree = BUILT_PRODUCTS_DIR; };
		F13579ED2A70154600FE2ECF /* RickAndMortyFactsUITests.swift */ = {isa = PBXFileReference; lastKnownFileType = sourcecode.swift; path = RickAndMortyFactsUITests.swift; sourceTree = "<group>"; };
		F13579EF2A70154600FE2ECF /* RickAndMortyFactsUITestsLaunchTests.swift */ = {isa = PBXFileReference; lastKnownFileType = sourcecode.swift; path = RickAndMortyFactsUITestsLaunchTests.swift; sourceTree = "<group>"; };
		F14F89492A7C087B00F553F8 /* HomeView+Carrossel.swift */ = {isa = PBXFileReference; lastKnownFileType = sourcecode.swift; path = "HomeView+Carrossel.swift"; sourceTree = "<group>"; };
		F16C82CC2A7973A1006048C9 /* CharacterRow.swift */ = {isa = PBXFileReference; lastKnownFileType = sourcecode.swift; path = CharacterRow.swift; sourceTree = "<group>"; };
		F16C82D22A797792006048C9 /* HomeView.swift */ = {isa = PBXFileReference; fileEncoding = 4; lastKnownFileType = sourcecode.swift; path = HomeView.swift; sourceTree = "<group>"; };
		F16C82D32A797792006048C9 /* HomeView+Observed.swift */ = {isa = PBXFileReference; fileEncoding = 4; lastKnownFileType = sourcecode.swift; path = "HomeView+Observed.swift"; sourceTree = "<group>"; };
		F16C82D82A7977BB006048C9 /* Characters.swift */ = {isa = PBXFileReference; fileEncoding = 4; lastKnownFileType = sourcecode.swift; path = Characters.swift; sourceTree = "<group>"; };
		F16C82DB2A79793F006048C9 /* CharactersDetails.swift */ = {isa = PBXFileReference; lastKnownFileType = sourcecode.swift; path = CharactersDetails.swift; sourceTree = "<group>"; };
/* End PBXFileReference section */

/* Begin PBXFrameworksBuildPhase section */
		F13579CC2A70154400FE2ECF /* Frameworks */ = {
			isa = PBXFrameworksBuildPhase;
			buildActionMask = 2147483647;
			files = (
			);
			runOnlyForDeploymentPostprocessing = 0;
		};
		F13579DC2A70154600FE2ECF /* Frameworks */ = {
			isa = PBXFrameworksBuildPhase;
			buildActionMask = 2147483647;
			files = (
			);
			runOnlyForDeploymentPostprocessing = 0;
		};
		F13579E62A70154600FE2ECF /* Frameworks */ = {
			isa = PBXFrameworksBuildPhase;
			buildActionMask = 2147483647;
			files = (
			);
			runOnlyForDeploymentPostprocessing = 0;
		};
/* End PBXFrameworksBuildPhase section */

/* Begin PBXGroup section */
		F13579C62A70154400FE2ECF = {
			isa = PBXGroup;
			children = (
				F13579D12A70154400FE2ECF /* RickAndMortyFacts */,
				F13579E22A70154600FE2ECF /* RickAndMortyFactsTests */,
				F13579EC2A70154600FE2ECF /* RickAndMortyFactsUITests */,
				F13579D02A70154400FE2ECF /* Products */,
			);
			sourceTree = "<group>";
		};
		F13579D02A70154400FE2ECF /* Products */ = {
			isa = PBXGroup;
			children = (
				F13579CF2A70154400FE2ECF /* RickAndMortyFunFacts.app */,
				F13579DF2A70154600FE2ECF /* RickAndMortyFunFactsTests.xctest */,
				F13579E92A70154600FE2ECF /* RickAndMortyFunFactsUITests.xctest */,
			);
			name = Products;
			sourceTree = "<group>";
		};
		F13579D12A70154400FE2ECF /* RickAndMortyFacts */ = {
			isa = PBXGroup;
			children = (
				F16C82D12A797792006048C9 /* Home */,
				F16C82DA2A79792F006048C9 /* Characters */,
				F16C82D62A7977BB006048C9 /* Resources */,
				F13579D22A70154400FE2ECF /* RickAndMortyFactsApp.swift */,
				F13579D62A70154600FE2ECF /* Assets.xcassets */,
				F13579D82A70154600FE2ECF /* Preview Content */,
			);
			path = RickAndMortyFacts;
			sourceTree = "<group>";
		};
		F13579D82A70154600FE2ECF /* Preview Content */ = {
			isa = PBXGroup;
			children = (
				F13579D92A70154600FE2ECF /* Preview Assets.xcassets */,
			);
			path = "Preview Content";
			sourceTree = "<group>";
		};
		F13579E22A70154600FE2ECF /* RickAndMortyFactsTests */ = {
			isa = PBXGroup;
			children = (
				F13579E32A70154600FE2ECF /* RickAndMortyFactsTests.swift */,
			);
			path = RickAndMortyFactsTests;
			sourceTree = "<group>";
		};
		F13579EC2A70154600FE2ECF /* RickAndMortyFactsUITests */ = {
			isa = PBXGroup;
			children = (
				F13579ED2A70154600FE2ECF /* RickAndMortyFactsUITests.swift */,
				F13579EF2A70154600FE2ECF /* RickAndMortyFactsUITestsLaunchTests.swift */,
			);
			path = RickAndMortyFactsUITests;
			sourceTree = "<group>";
		};
		F16C82D12A797792006048C9 /* Home */ = {
			isa = PBXGroup;
			children = (
				F16C82D22A797792006048C9 /* HomeView.swift */,
				F16C82D32A797792006048C9 /* HomeView+Observed.swift */,
				F14F89492A7C087B00F553F8 /* HomeView+Carrossel.swift */,
			);
			path = Home;
			sourceTree = "<group>";
		};
		F16C82D62A7977BB006048C9 /* Resources */ = {
			isa = PBXGroup;
			children = (
				F16C82D72A7977BB006048C9 /* Identifiable */,
			);
			path = Resources;
			sourceTree = "<group>";
		};
		F16C82D72A7977BB006048C9 /* Identifiable */ = {
			isa = PBXGroup;
			children = (
				F16C82D82A7977BB006048C9 /* Characters.swift */,
			);
			path = Identifiable;
			sourceTree = "<group>";
		};
		F16C82DA2A79792F006048C9 /* Characters */ = {
			isa = PBXGroup;
			children = (
				F16C82CC2A7973A1006048C9 /* CharacterRow.swift */,
				F16C82DB2A79793F006048C9 /* CharactersDetails.swift */,
			);
			path = Characters;
			sourceTree = "<group>";
		};
/* End PBXGroup section */

/* Begin PBXNativeTarget section */
		F13579CE2A70154400FE2ECF /* RickAndMortyFunFacts */ = {
			isa = PBXNativeTarget;
			buildConfigurationList = F13579F32A70154600FE2ECF /* Build configuration list for PBXNativeTarget "RickAndMortyFunFacts" */;
			buildPhases = (
				F13579CB2A70154400FE2ECF /* Sources */,
				F13579CC2A70154400FE2ECF /* Frameworks */,
				F13579CD2A70154400FE2ECF /* Resources */,
			);
			buildRules = (
			);
			dependencies = (
			);
			name = RickAndMortyFunFacts;
			productName = RickAndMortyFacts;
			productReference = F13579CF2A70154400FE2ECF /* RickAndMortyFunFacts.app */;
			productType = "com.apple.product-type.application";
		};
		F13579DE2A70154600FE2ECF /* RickAndMortyFunFactsTests */ = {
			isa = PBXNativeTarget;
			buildConfigurationList = F13579F62A70154600FE2ECF /* Build configuration list for PBXNativeTarget "RickAndMortyFunFactsTests" */;
			buildPhases = (
				F13579DB2A70154600FE2ECF /* Sources */,
				F13579DC2A70154600FE2ECF /* Frameworks */,
				F13579DD2A70154600FE2ECF /* Resources */,
			);
			buildRules = (
			);
			dependencies = (
				F13579E12A70154600FE2ECF /* PBXTargetDependency */,
			);
			name = RickAndMortyFunFactsTests;
			productName = RickAndMortyFactsTests;
			productReference = F13579DF2A70154600FE2ECF /* RickAndMortyFunFactsTests.xctest */;
			productType = "com.apple.product-type.bundle.unit-test";
		};
		F13579E82A70154600FE2ECF /* RickAndMortyFunFactsUITests */ = {
			isa = PBXNativeTarget;
			buildConfigurationList = F13579F92A70154600FE2ECF /* Build configuration list for PBXNativeTarget "RickAndMortyFunFactsUITests" */;
			buildPhases = (
				F13579E52A70154600FE2ECF /* Sources */,
				F13579E62A70154600FE2ECF /* Frameworks */,
				F13579E72A70154600FE2ECF /* Resources */,
			);
			buildRules = (
			);
			dependencies = (
				F13579EB2A70154600FE2ECF /* PBXTargetDependency */,
			);
			name = RickAndMortyFunFactsUITests;
			productName = RickAndMortyFactsUITests;
			productReference = F13579E92A70154600FE2ECF /* RickAndMortyFunFactsUITests.xctest */;
			productType = "com.apple.product-type.bundle.ui-testing";
		};
/* End PBXNativeTarget section */

/* Begin PBXProject section */
		F13579C72A70154400FE2ECF /* Project object */ = {
			isa = PBXProject;
			attributes = {
				BuildIndependentTargetsInParallel = 1;
				LastSwiftUpdateCheck = 1420;
				LastUpgradeCheck = 1420;
				TargetAttributes = {
					F13579CE2A70154400FE2ECF = {
						CreatedOnToolsVersion = 14.2;
					};
					F13579DE2A70154600FE2ECF = {
						CreatedOnToolsVersion = 14.2;
						TestTargetID = F13579CE2A70154400FE2ECF;
					};
					F13579E82A70154600FE2ECF = {
						CreatedOnToolsVersion = 14.2;
						TestTargetID = F13579CE2A70154400FE2ECF;
					};
				};
			};
			buildConfigurationList = F13579CA2A70154400FE2ECF /* Build configuration list for PBXProject "RickAndMortyFunFacts" */;
			compatibilityVersion = "Xcode 14.0";
			developmentRegion = en;
			hasScannedForEncodings = 0;
			knownRegions = (
				en,
				Base,
			);
			mainGroup = F13579C62A70154400FE2ECF;
			productRefGroup = F13579D02A70154400FE2ECF /* Products */;
			projectDirPath = "";
			projectRoot = "";
			targets = (
				F13579CE2A70154400FE2ECF /* RickAndMortyFunFacts */,
				F13579DE2A70154600FE2ECF /* RickAndMortyFunFactsTests */,
				F13579E82A70154600FE2ECF /* RickAndMortyFunFactsUITests */,
			);
		};
/* End PBXProject section */

/* Begin PBXResourcesBuildPhase section */
		F13579CD2A70154400FE2ECF /* Resources */ = {
			isa = PBXResourcesBuildPhase;
			buildActionMask = 2147483647;
			files = (
				F13579DA2A70154600FE2ECF /* Preview Assets.xcassets in Resources */,
				F13579D72A70154600FE2ECF /* Assets.xcassets in Resources */,
			);
			runOnlyForDeploymentPostprocessing = 0;
		};
		F13579DD2A70154600FE2ECF /* Resources */ = {
			isa = PBXResourcesBuildPhase;
			buildActionMask = 2147483647;
			files = (
			);
			runOnlyForDeploymentPostprocessing = 0;
		};
		F13579E72A70154600FE2ECF /* Resources */ = {
			isa = PBXResourcesBuildPhase;
			buildActionMask = 2147483647;
			files = (
			);
			runOnlyForDeploymentPostprocessing = 0;
		};
/* End PBXResourcesBuildPhase section */

/* Begin PBXSourcesBuildPhase section */
		F13579CB2A70154400FE2ECF /* Sources */ = {
			isa = PBXSourcesBuildPhase;
			buildActionMask = 2147483647;
			files = (
				F16C82DC2A79793F006048C9 /* CharactersDetails.swift in Sources */,
				F16C82CD2A7973A1006048C9 /* CharacterRow.swift in Sources */,
				F16C82D92A7977BB006048C9 /* Characters.swift in Sources */,
				F16C82D42A797792006048C9 /* HomeView.swift in Sources */,
				F16C82D52A797792006048C9 /* HomeView+Observed.swift in Sources */,
				F14F894A2A7C087B00F553F8 /* HomeView+Carrossel.swift in Sources */,
				F13579D32A70154400FE2ECF /* RickAndMortyFactsApp.swift in Sources */,
			);
			runOnlyForDeploymentPostprocessing = 0;
		};
		F13579DB2A70154600FE2ECF /* Sources */ = {
			isa = PBXSourcesBuildPhase;
			buildActionMask = 2147483647;
			files = (
				F13579E42A70154600FE2ECF /* RickAndMortyFactsTests.swift in Sources */,
			);
			runOnlyForDeploymentPostprocessing = 0;
		};
		F13579E52A70154600FE2ECF /* Sources */ = {
			isa = PBXSourcesBuildPhase;
			buildActionMask = 2147483647;
			files = (
				F13579EE2A70154600FE2ECF /* RickAndMortyFactsUITests.swift in Sources */,
				F13579F02A70154600FE2ECF /* RickAndMortyFactsUITestsLaunchTests.swift in Sources */,
			);
			runOnlyForDeploymentPostprocessing = 0;
		};
/* End PBXSourcesBuildPhase section */

/* Begin PBXTargetDependency section */
		F13579E12A70154600FE2ECF /* PBXTargetDependency */ = {
			isa = PBXTargetDependency;
			target = F13579CE2A70154400FE2ECF /* RickAndMortyFunFacts */;
			targetProxy = F13579E02A70154600FE2ECF /* PBXContainerItemProxy */;
		};
		F13579EB2A70154600FE2ECF /* PBXTargetDependency */ = {
			isa = PBXTargetDependency;
			target = F13579CE2A70154400FE2ECF /* RickAndMortyFunFacts */;
			targetProxy = F13579EA2A70154600FE2ECF /* PBXContainerItemProxy */;
		};
/* End PBXTargetDependency section */

/* Begin XCBuildConfiguration section */
		F13579F12A70154600FE2ECF /* Debug */ = {
			isa = XCBuildConfiguration;
			buildSettings = {
				ALWAYS_SEARCH_USER_PATHS = NO;
				CLANG_ANALYZER_NONNULL = YES;
				CLANG_ANALYZER_NUMBER_OBJECT_CONVERSION = YES_AGGRESSIVE;
				CLANG_CXX_LANGUAGE_STANDARD = "gnu++20";
				CLANG_ENABLE_MODULES = YES;
				CLANG_ENABLE_OBJC_ARC = YES;
				CLANG_ENABLE_OBJC_WEAK = YES;
				CLANG_WARN_BLOCK_CAPTURE_AUTORELEASING = YES;
				CLANG_WARN_BOOL_CONVERSION = YES;
				CLANG_WARN_COMMA = YES;
				CLANG_WARN_CONSTANT_CONVERSION = YES;
				CLANG_WARN_DEPRECATED_OBJC_IMPLEMENTATIONS = YES;
				CLANG_WARN_DIRECT_OBJC_ISA_USAGE = YES_ERROR;
				CLANG_WARN_DOCUMENTATION_COMMENTS = YES;
				CLANG_WARN_EMPTY_BODY = YES;
				CLANG_WARN_ENUM_CONVERSION = YES;
				CLANG_WARN_INFINITE_RECURSION = YES;
				CLANG_WARN_INT_CONVERSION = YES;
				CLANG_WARN_NON_LITERAL_NULL_CONVERSION = YES;
				CLANG_WARN_OBJC_IMPLICIT_RETAIN_SELF = YES;
				CLANG_WARN_OBJC_LITERAL_CONVERSION = YES;
				CLANG_WARN_OBJC_ROOT_CLASS = YES_ERROR;
				CLANG_WARN_QUOTED_INCLUDE_IN_FRAMEWORK_HEADER = YES;
				CLANG_WARN_RANGE_LOOP_ANALYSIS = YES;
				CLANG_WARN_STRICT_PROTOTYPES = YES;
				CLANG_WARN_SUSPICIOUS_MOVE = YES;
				CLANG_WARN_UNGUARDED_AVAILABILITY = YES_AGGRESSIVE;
				CLANG_WARN_UNREACHABLE_CODE = YES;
				CLANG_WARN__DUPLICATE_METHOD_MATCH = YES;
				COPY_PHASE_STRIP = NO;
				DEBUG_INFORMATION_FORMAT = dwarf;
				ENABLE_STRICT_OBJC_MSGSEND = YES;
				ENABLE_TESTABILITY = YES;
				GCC_C_LANGUAGE_STANDARD = gnu11;
				GCC_DYNAMIC_NO_PIC = NO;
				GCC_NO_COMMON_BLOCKS = YES;
				GCC_OPTIMIZATION_LEVEL = 0;
				GCC_PREPROCESSOR_DEFINITIONS = (
					"DEBUG=1",
					"$(inherited)",
				);
				GCC_WARN_64_TO_32_BIT_CONVERSION = YES;
				GCC_WARN_ABOUT_RETURN_TYPE = YES_ERROR;
				GCC_WARN_UNDECLARED_SELECTOR = YES;
				GCC_WARN_UNINITIALIZED_AUTOS = YES_AGGRESSIVE;
				GCC_WARN_UNUSED_FUNCTION = YES;
				GCC_WARN_UNUSED_VARIABLE = YES;
				IPHONEOS_DEPLOYMENT_TARGET = 16.2;
				MTL_ENABLE_DEBUG_INFO = INCLUDE_SOURCE;
				MTL_FAST_MATH = YES;
				ONLY_ACTIVE_ARCH = YES;
				SDKROOT = iphoneos;
				SWIFT_ACTIVE_COMPILATION_CONDITIONS = DEBUG;
				SWIFT_OPTIMIZATION_LEVEL = "-Onone";
			};
			name = Debug;
		};
		F13579F22A70154600FE2ECF /* Release */ = {
			isa = XCBuildConfiguration;
			buildSettings = {
				ALWAYS_SEARCH_USER_PATHS = NO;
				CLANG_ANALYZER_NONNULL = YES;
				CLANG_ANALYZER_NUMBER_OBJECT_CONVERSION = YES_AGGRESSIVE;
				CLANG_CXX_LANGUAGE_STANDARD = "gnu++20";
				CLANG_ENABLE_MODULES = YES;
				CLANG_ENABLE_OBJC_ARC = YES;
				CLANG_ENABLE_OBJC_WEAK = YES;
				CLANG_WARN_BLOCK_CAPTURE_AUTORELEASING = YES;
				CLANG_WARN_BOOL_CONVERSION = YES;
				CLANG_WARN_COMMA = YES;
				CLANG_WARN_CONSTANT_CONVERSION = YES;
				CLANG_WARN_DEPRECATED_OBJC_IMPLEMENTATIONS = YES;
				CLANG_WARN_DIRECT_OBJC_ISA_USAGE = YES_ERROR;
				CLANG_WARN_DOCUMENTATION_COMMENTS = YES;
				CLANG_WARN_EMPTY_BODY = YES;
				CLANG_WARN_ENUM_CONVERSION = YES;
				CLANG_WARN_INFINITE_RECURSION = YES;
				CLANG_WARN_INT_CONVERSION = YES;
				CLANG_WARN_NON_LITERAL_NULL_CONVERSION = YES;
				CLANG_WARN_OBJC_IMPLICIT_RETAIN_SELF = YES;
				CLANG_WARN_OBJC_LITERAL_CONVERSION = YES;
				CLANG_WARN_OBJC_ROOT_CLASS = YES_ERROR;
				CLANG_WARN_QUOTED_INCLUDE_IN_FRAMEWORK_HEADER = YES;
				CLANG_WARN_RANGE_LOOP_ANALYSIS = YES;
				CLANG_WARN_STRICT_PROTOTYPES = YES;
				CLANG_WARN_SUSPICIOUS_MOVE = YES;
				CLANG_WARN_UNGUARDED_AVAILABILITY = YES_AGGRESSIVE;
				CLANG_WARN_UNREACHABLE_CODE = YES;
				CLANG_WARN__DUPLICATE_METHOD_MATCH = YES;
				COPY_PHASE_STRIP = NO;
				DEBUG_INFORMATION_FORMAT = "dwarf-with-dsym";
				ENABLE_NS_ASSERTIONS = NO;
				ENABLE_STRICT_OBJC_MSGSEND = YES;
				GCC_C_LANGUAGE_STANDARD = gnu11;
				GCC_NO_COMMON_BLOCKS = YES;
				GCC_WARN_64_TO_32_BIT_CONVERSION = YES;
				GCC_WARN_ABOUT_RETURN_TYPE = YES_ERROR;
				GCC_WARN_UNDECLARED_SELECTOR = YES;
				GCC_WARN_UNINITIALIZED_AUTOS = YES_AGGRESSIVE;
				GCC_WARN_UNUSED_FUNCTION = YES;
				GCC_WARN_UNUSED_VARIABLE = YES;
				IPHONEOS_DEPLOYMENT_TARGET = 16.2;
				MTL_ENABLE_DEBUG_INFO = NO;
				MTL_FAST_MATH = YES;
				SDKROOT = iphoneos;
				SWIFT_COMPILATION_MODE = wholemodule;
				SWIFT_OPTIMIZATION_LEVEL = "-O";
				VALIDATE_PRODUCT = YES;
			};
			name = Release;
		};
		F13579F42A70154600FE2ECF /* Debug */ = {
			isa = XCBuildConfiguration;
			buildSettings = {
				ASSETCATALOG_COMPILER_APPICON_NAME = AppIcon;
				ASSETCATALOG_COMPILER_GLOBAL_ACCENT_COLOR_NAME = AccentColor;
				CODE_SIGN_STYLE = Automatic;
				CURRENT_PROJECT_VERSION = 1;
				DEVELOPMENT_ASSET_PATHS = "\"RickAndMortyFacts/Preview Content\"";
				DEVELOPMENT_TEAM = 3PUBAYQC78;
				ENABLE_PREVIEWS = YES;
				GENERATE_INFOPLIST_FILE = YES;
				INFOPLIST_KEY_UIApplicationSceneManifest_Generation = YES;
				INFOPLIST_KEY_UIApplicationSupportsIndirectInputEvents = YES;
				INFOPLIST_KEY_UILaunchScreen_Generation = YES;
				INFOPLIST_KEY_UISupportedInterfaceOrientations_iPad = "UIInterfaceOrientationPortrait UIInterfaceOrientationPortraitUpsideDown UIInterfaceOrientationLandscapeLeft UIInterfaceOrientationLandscapeRight";
				INFOPLIST_KEY_UISupportedInterfaceOrientations_iPhone = "UIInterfaceOrientationPortrait UIInterfaceOrientationLandscapeLeft UIInterfaceOrientationLandscapeRight";
				LD_RUNPATH_SEARCH_PATHS = (
					"$(inherited)",
					"@executable_path/Frameworks",
				);
				MARKETING_VERSION = 1.0;
				PRODUCT_BUNDLE_IDENTIFIER = bianca.ferreira.RickAndMortyFacts;
				PRODUCT_NAME = "$(TARGET_NAME)";
				SWIFT_EMIT_LOC_STRINGS = YES;
				SWIFT_VERSION = 5.0;
				TARGETED_DEVICE_FAMILY = "1,2";
			};
			name = Debug;
		};
		F13579F52A70154600FE2ECF /* Release */ = {
			isa = XCBuildConfiguration;
			buildSettings = {
				ASSETCATALOG_COMPILER_APPICON_NAME = AppIcon;
				ASSETCATALOG_COMPILER_GLOBAL_ACCENT_COLOR_NAME = AccentColor;
				CODE_SIGN_STYLE = Automatic;
				CURRENT_PROJECT_VERSION = 1;
				DEVELOPMENT_ASSET_PATHS = "\"RickAndMortyFacts/Preview Content\"";
				DEVELOPMENT_TEAM = 3PUBAYQC78;
				ENABLE_PREVIEWS = YES;
				GENERATE_INFOPLIST_FILE = YES;
				INFOPLIST_KEY_UIApplicationSceneManifest_Generation = YES;
				INFOPLIST_KEY_UIApplicationSupportsIndirectInputEvents = YES;
				INFOPLIST_KEY_UILaunchScreen_Generation = YES;
				INFOPLIST_KEY_UISupportedInterfaceOrientations_iPad = "UIInterfaceOrientationPortrait UIInterfaceOrientationPortraitUpsideDown UIInterfaceOrientationLandscapeLeft UIInterfaceOrientationLandscapeRight";
				INFOPLIST_KEY_UISupportedInterfaceOrientations_iPhone = "UIInterfaceOrientationPortrait UIInterfaceOrientationLandscapeLeft UIInterfaceOrientationLandscapeRight";
				LD_RUNPATH_SEARCH_PATHS = (
					"$(inherited)",
					"@executable_path/Frameworks",
				);
				MARKETING_VERSION = 1.0;
				PRODUCT_BUNDLE_IDENTIFIER = bianca.ferreira.RickAndMortyFacts;
				PRODUCT_NAME = "$(TARGET_NAME)";
				SWIFT_EMIT_LOC_STRINGS = YES;
				SWIFT_VERSION = 5.0;
				TARGETED_DEVICE_FAMILY = "1,2";
			};
			name = Release;
		};
		F13579F72A70154600FE2ECF /* Debug */ = {
			isa = XCBuildConfiguration;
			buildSettings = {
				ALWAYS_EMBED_SWIFT_STANDARD_LIBRARIES = YES;
				BUNDLE_LOADER = "$(TEST_HOST)";
				CODE_SIGN_STYLE = Automatic;
				CURRENT_PROJECT_VERSION = 1;
				DEVELOPMENT_TEAM = 3PUBAYQC78;
				GENERATE_INFOPLIST_FILE = YES;
				IPHONEOS_DEPLOYMENT_TARGET = 16.2;
				MARKETING_VERSION = 1.0;
				PRODUCT_BUNDLE_IDENTIFIER = bianca.ferreira.RickAndMortyFactsTests;
				PRODUCT_NAME = "$(TARGET_NAME)";
				SWIFT_EMIT_LOC_STRINGS = NO;
				SWIFT_VERSION = 5.0;
				TARGETED_DEVICE_FAMILY = "1,2";
				TEST_HOST = "$(BUILT_PRODUCTS_DIR)/RickAndMortyFunFacts.app/$(BUNDLE_EXECUTABLE_FOLDER_PATH)/RickAndMortyFunFacts";
			};
			name = Debug;
		};
		F13579F82A70154600FE2ECF /* Release */ = {
			isa = XCBuildConfiguration;
			buildSettings = {
				ALWAYS_EMBED_SWIFT_STANDARD_LIBRARIES = YES;
				BUNDLE_LOADER = "$(TEST_HOST)";
				CODE_SIGN_STYLE = Automatic;
				CURRENT_PROJECT_VERSION = 1;
				DEVELOPMENT_TEAM = 3PUBAYQC78;
				GENERATE_INFOPLIST_FILE = YES;
				IPHONEOS_DEPLOYMENT_TARGET = 16.2;
				MARKETING_VERSION = 1.0;
				PRODUCT_BUNDLE_IDENTIFIER = bianca.ferreira.RickAndMortyFactsTests;
				PRODUCT_NAME = "$(TARGET_NAME)";
				SWIFT_EMIT_LOC_STRINGS = NO;
				SWIFT_VERSION = 5.0;
				TARGETED_DEVICE_FAMILY = "1,2";
				TEST_HOST = "$(BUILT_PRODUCTS_DIR)/RickAndMortyFunFacts.app/$(BUNDLE_EXECUTABLE_FOLDER_PATH)/RickAndMortyFunFacts";
			};
			name = Release;
		};
		F13579FA2A70154600FE2ECF /* Debug */ = {
			isa = XCBuildConfiguration;
			buildSettings = {
				ALWAYS_EMBED_SWIFT_STANDARD_LIBRARIES = YES;
				CODE_SIGN_STYLE = Automatic;
				CURRENT_PROJECT_VERSION = 1;
				DEVELOPMENT_TEAM = 3PUBAYQC78;
				GENERATE_INFOPLIST_FILE = YES;
				MARKETING_VERSION = 1.0;
				PRODUCT_BUNDLE_IDENTIFIER = bianca.ferreira.RickAndMortyFactsUITests;
				PRODUCT_NAME = "$(TARGET_NAME)";
				SWIFT_EMIT_LOC_STRINGS = NO;
				SWIFT_VERSION = 5.0;
				TARGETED_DEVICE_FAMILY = "1,2";
				TEST_TARGET_NAME = RickAndMortyFacts;
			};
			name = Debug;
		};
		F13579FB2A70154600FE2ECF /* Release */ = {
			isa = XCBuildConfiguration;
			buildSettings = {
				ALWAYS_EMBED_SWIFT_STANDARD_LIBRARIES = YES;
				CODE_SIGN_STYLE = Automatic;
				CURRENT_PROJECT_VERSION = 1;
				DEVELOPMENT_TEAM = 3PUBAYQC78;
				GENERATE_INFOPLIST_FILE = YES;
				MARKETING_VERSION = 1.0;
				PRODUCT_BUNDLE_IDENTIFIER = bianca.ferreira.RickAndMortyFactsUITests;
				PRODUCT_NAME = "$(TARGET_NAME)";
				SWIFT_EMIT_LOC_STRINGS = NO;
				SWIFT_VERSION = 5.0;
				TARGETED_DEVICE_FAMILY = "1,2";
				TEST_TARGET_NAME = RickAndMortyFacts;
			};
			name = Release;
		};
/* End XCBuildConfiguration section */

/* Begin XCConfigurationList section */
		F13579CA2A70154400FE2ECF /* Build configuration list for PBXProject "RickAndMortyFunFacts" */ = {
			isa = XCConfigurationList;
			buildConfigurations = (
				F13579F12A70154600FE2ECF /* Debug */,
				F13579F22A70154600FE2ECF /* Release */,
			);
			defaultConfigurationIsVisible = 0;
			defaultConfigurationName = Release;
		};
		F13579F32A70154600FE2ECF /* Build configuration list for PBXNativeTarget "RickAndMortyFunFacts" */ = {
			isa = XCConfigurationList;
			buildConfigurations = (
				F13579F42A70154600FE2ECF /* Debug */,
				F13579F52A70154600FE2ECF /* Release */,
			);
			defaultConfigurationIsVisible = 0;
			defaultConfigurationName = Release;
		};
		F13579F62A70154600FE2ECF /* Build configuration list for PBXNativeTarget "RickAndMortyFunFactsTests" */ = {
			isa = XCConfigurationList;
			buildConfigurations = (
				F13579F72A70154600FE2ECF /* Debug */,
				F13579F82A70154600FE2ECF /* Release */,
			);
			defaultConfigurationIsVisible = 0;
			defaultConfigurationName = Release;
		};
		F13579F92A70154600FE2ECF /* Build configuration list for PBXNativeTarget "RickAndMortyFunFactsUITests" */ = {
			isa = XCConfigurationList;
			buildConfigurations = (
				F13579FA2A70154600FE2ECF /* Debug */,
				F13579FB2A70154600FE2ECF /* Release */,
			);
			defaultConfigurationIsVisible = 0;
			defaultConfigurationName = Release;
		};
/* End XCConfigurationList section */
	};
	rootObject = F13579C72A70154400FE2ECF /* Project object */;
}
